
Microsoft Visual Studio Solution File, Format Version 12.00
# Visual Studio Version 17
VisualStudioVersion = 17.3.32811.315
MinimumVisualStudioVersion = 10.0.40219.1
Project("{FAE04EC0-301F-11D3-BF4B-00C04F79EFBC}") = "Grafo_1053", "Grafo_1053.csproj", "{09D7EA33-186E-4EF0-8D4D-CED457E71EE2}"
EndProject
Project("{FAE04EC0-301F-11D3-BF4B-00C04F79EFBC}") = "Fibonacci_1029", "..\Bee_1029\Fibonacci_1029.csproj", "{D7F4A215-AF62-4E9C-B2CA-7423B8851B97}"
EndProject
Project("{FAE04EC0-301F-11D3-BF4B-00C04F79EFBC}") = "Lucro_1310", "..\Lucro_1310\Lucro_1310.csproj", "{451A5BB3-8003-48BC-AC0B-D10920046B2E}"
EndProject
Project("{FAE04EC0-301F-11D3-BF4B-00C04F79EFBC}") = "paradgmas_teste", "..\paradgmas_teste\paradgmas_teste.csproj", "{D2285084-E018-44A9-A860-31B7B674B526}"
EndProject
Project("{FAE04EC0-301F-11D3-BF4B-00C04F79EFBC}") = "Motoboy_1286", "..\Motoboy_1286\Motoboy_1286.csproj", "{7121B751-7B0B-4FCA-956D-B28450E3CBC8}"
EndProject
Project("{FAE04EC0-301F-11D3-BF4B-00C04F79EFBC}") = "Festival_de_estatuas_de_gelo_1034", "..\Fistival_de_estatuas_de_gelo_1034\Festival_de_estatuas_de_gelo_1034.csproj", "{D3E0CCC0-495F-4AD7-A311-3B7EB7D889C9}"
EndProject
Project("{FAE04EC0-301F-11D3-BF4B-00C04F79EFBC}") = "Apagando_e_ganhando_1084", "..\Apagando_e_ganhando_1084\Apagando_e_ganhando_1084.csproj", "{4ED280D4-43F4-4E6E-AFA5-DD6FE0A3FC25}"
EndProject
Project("{FAE04EC0-301F-11D3-BF4B-00C04F79EFBC}") = "Canhao_de_destruicao_1288", "..\Canhao_de_destruicao_1288\Canhao_de_destruicao_1288.csproj", "{7367E6E7-987D-4D96-99AD-65EC165DD169}"
EndProject
Project("{FAE04EC0-301F-11D3-BF4B-00C04F79EFBC}") = "Ajude_seu_madruga_1912", "..\Ajude_seu_madruga_1912\Ajude_seu_madruga_1912.csproj", "{3756BA13-DE4A-454D-9C8E-938D2C56D2B9}"
EndProject
Project("{FAE04EC0-301F-11D3-BF4B-00C04F79EFBC}") = "Six_flags_1487", "..\Six_flags_1487\Six_flags_1487.csproj", "{A665BF43-F0AE-4FFB-A0EB-6D9A4AB5AD9C}"
EndProject
Project("{FAE04EC0-301F-11D3-BF4B-00C04F79EFBC}") = "saco_do_papai_noel_1767", "..\soco_do_papai_noel_1767\saco_do_papai_noel_1767.csproj", "{3B3EDD9A-CE42-47F4-B378-C66D2F64AFF8}"
EndProject
Project("{FAE04EC0-301F-11D3-BF4B-00C04F79EFBC}") = "Comercio_ de_Vinhos_na_Gergovia_1661", "..\Comercio_ de_Vinhos_na_Gergovia_1661\Comercio_ de_Vinhos_na_Gergovia_1661.csproj", "{DADFB1C6-A2D3-43EB-91B8-557EE3A63F9E}"
EndProject
Project("{FAE04EC0-301F-11D3-BF4B-00C04F79EFBC}") = "Cortando_Canos_1798", "..\Cortando_Canos_1798\Cortando_Canos_1798.csproj", "{B5F3A985-E6E7-4BE7-8916-EBDE6D8229EA}"
EndProject
Project("{FAE04EC0-301F-11D3-BF4B-00C04F79EFBC}") = "Torre_de_Hanoi_ Novamente_1166", "..\Torre_de_Hanoi_ Novamente_1166\Torre_de_Hanoi_ Novamente_1166.csproj", "{C214C09D-989B-4A1A-B376-9F61B554999F}"
EndProject
Project("{FAE04EC0-301F-11D3-BF4B-00C04F79EFBC}") = "Isosceles_2243", "..\Isosceles_2243\Isosceles_2243.csproj", "{2D06F450-4EFC-4BB7-9C06-BAD6061E3F20}"
EndProject
Project("{FAE04EC0-301F-11D3-BF4B-00C04F79EFBC}") = "Troco_2446", "..\Troco_2446\Troco_2446.csproj", "{BA90E809-76EE-46CF-9797-01EE2257C918}"
EndProject
Global
	GlobalSection(SolutionConfigurationPlatforms) = preSolution
		Debug|Any CPU = Debug|Any CPU
		Release|Any CPU = Release|Any CPU
	EndGlobalSection
	GlobalSection(ProjectConfigurationPlatforms) = postSolution
		{09D7EA33-186E-4EF0-8D4D-CED457E71EE2}.Debug|Any CPU.ActiveCfg = Debug|Any CPU
		{09D7EA33-186E-4EF0-8D4D-CED457E71EE2}.Debug|Any CPU.Build.0 = Debug|Any CPU
		{09D7EA33-186E-4EF0-8D4D-CED457E71EE2}.Release|Any CPU.ActiveCfg = Release|Any CPU
		{09D7EA33-186E-4EF0-8D4D-CED457E71EE2}.Release|Any CPU.Build.0 = Release|Any CPU
		{D7F4A215-AF62-4E9C-B2CA-7423B8851B97}.Debug|Any CPU.ActiveCfg = Debug|Any CPU
		{D7F4A215-AF62-4E9C-B2CA-7423B8851B97}.Debug|Any CPU.Build.0 = Debug|Any CPU
		{D7F4A215-AF62-4E9C-B2CA-7423B8851B97}.Release|Any CPU.ActiveCfg = Release|Any CPU
		{D7F4A215-AF62-4E9C-B2CA-7423B8851B97}.Release|Any CPU.Build.0 = Release|Any CPU
		{451A5BB3-8003-48BC-AC0B-D10920046B2E}.Debug|Any CPU.ActiveCfg = Debug|Any CPU
		{451A5BB3-8003-48BC-AC0B-D10920046B2E}.Debug|Any CPU.Build.0 = Debug|Any CPU
		{451A5BB3-8003-48BC-AC0B-D10920046B2E}.Release|Any CPU.ActiveCfg = Release|Any CPU
		{451A5BB3-8003-48BC-AC0B-D10920046B2E}.Release|Any CPU.Build.0 = Release|Any CPU
		{D2285084-E018-44A9-A860-31B7B674B526}.Debug|Any CPU.ActiveCfg = Debug|Any CPU
		{D2285084-E018-44A9-A860-31B7B674B526}.Debug|Any CPU.Build.0 = Debug|Any CPU
		{D2285084-E018-44A9-A860-31B7B674B526}.Release|Any CPU.ActiveCfg = Release|Any CPU
		{D2285084-E018-44A9-A860-31B7B674B526}.Release|Any CPU.Build.0 = Release|Any CPU
		{7121B751-7B0B-4FCA-956D-B28450E3CBC8}.Debug|Any CPU.ActiveCfg = Debug|Any CPU
		{7121B751-7B0B-4FCA-956D-B28450E3CBC8}.Debug|Any CPU.Build.0 = Debug|Any CPU
		{7121B751-7B0B-4FCA-956D-B28450E3CBC8}.Release|Any CPU.ActiveCfg = Release|Any CPU
		{7121B751-7B0B-4FCA-956D-B28450E3CBC8}.Release|Any CPU.Build.0 = Release|Any CPU
		{D3E0CCC0-495F-4AD7-A311-3B7EB7D889C9}.Debug|Any CPU.ActiveCfg = Debug|Any CPU
		{D3E0CCC0-495F-4AD7-A311-3B7EB7D889C9}.Debug|Any CPU.Build.0 = Debug|Any CPU
		{D3E0CCC0-495F-4AD7-A311-3B7EB7D889C9}.Release|Any CPU.ActiveCfg = Release|Any CPU
		{D3E0CCC0-495F-4AD7-A311-3B7EB7D889C9}.Release|Any CPU.Build.0 = Release|Any CPU
		{4ED280D4-43F4-4E6E-AFA5-DD6FE0A3FC25}.Debug|Any CPU.ActiveCfg = Debug|Any CPU
		{4ED280D4-43F4-4E6E-AFA5-DD6FE0A3FC25}.Debug|Any CPU.Build.0 = Debug|Any CPU
		{4ED280D4-43F4-4E6E-AFA5-DD6FE0A3FC25}.Release|Any CPU.ActiveCfg = Release|Any CPU
		{4ED280D4-43F4-4E6E-AFA5-DD6FE0A3FC25}.Release|Any CPU.Build.0 = Release|Any CPU
		{7367E6E7-987D-4D96-99AD-65EC165DD169}.Debug|Any CPU.ActiveCfg = Debug|Any CPU
		{7367E6E7-987D-4D96-99AD-65EC165DD169}.Debug|Any CPU.Build.0 = Debug|Any CPU
		{7367E6E7-987D-4D96-99AD-65EC165DD169}.Release|Any CPU.ActiveCfg = Release|Any CPU
		{7367E6E7-987D-4D96-99AD-65EC165DD169}.Release|Any CPU.Build.0 = Release|Any CPU
		{3756BA13-DE4A-454D-9C8E-938D2C56D2B9}.Debug|Any CPU.ActiveCfg = Debug|Any CPU
		{3756BA13-DE4A-454D-9C8E-938D2C56D2B9}.Debug|Any CPU.Build.0 = Debug|Any CPU
		{3756BA13-DE4A-454D-9C8E-938D2C56D2B9}.Release|Any CPU.ActiveCfg = Release|Any CPU
		{3756BA13-DE4A-454D-9C8E-938D2C56D2B9}.Release|Any CPU.Build.0 = Release|Any CPU
		{A665BF43-F0AE-4FFB-A0EB-6D9A4AB5AD9C}.Debug|Any CPU.ActiveCfg = Debug|Any CPU
		{A665BF43-F0AE-4FFB-A0EB-6D9A4AB5AD9C}.Debug|Any CPU.Build.0 = Debug|Any CPU
		{A665BF43-F0AE-4FFB-A0EB-6D9A4AB5AD9C}.Release|Any CPU.ActiveCfg = Release|Any CPU
		{A665BF43-F0AE-4FFB-A0EB-6D9A4AB5AD9C}.Release|Any CPU.Build.0 = Release|Any CPU
		{3B3EDD9A-CE42-47F4-B378-C66D2F64AFF8}.Debug|Any CPU.ActiveCfg = Debug|Any CPU
		{3B3EDD9A-CE42-47F4-B378-C66D2F64AFF8}.Debug|Any CPU.Build.0 = Debug|Any CPU
		{3B3EDD9A-CE42-47F4-B378-C66D2F64AFF8}.Release|Any CPU.ActiveCfg = Release|Any CPU
		{3B3EDD9A-CE42-47F4-B378-C66D2F64AFF8}.Release|Any CPU.Build.0 = Release|Any CPU
		{DADFB1C6-A2D3-43EB-91B8-557EE3A63F9E}.Debug|Any CPU.ActiveCfg = Debug|Any CPU
		{DADFB1C6-A2D3-43EB-91B8-557EE3A63F9E}.Debug|Any CPU.Build.0 = Debug|Any CPU
		{DADFB1C6-A2D3-43EB-91B8-557EE3A63F9E}.Release|Any CPU.ActiveCfg = Release|Any CPU
		{DADFB1C6-A2D3-43EB-91B8-557EE3A63F9E}.Release|Any CPU.Build.0 = Release|Any CPU
		{B5F3A985-E6E7-4BE7-8916-EBDE6D8229EA}.Debug|Any CPU.ActiveCfg = Debug|Any CPU
		{B5F3A985-E6E7-4BE7-8916-EBDE6D8229EA}.Debug|Any CPU.Build.0 = Debug|Any CPU
		{B5F3A985-E6E7-4BE7-8916-EBDE6D8229EA}.Release|Any CPU.ActiveCfg = Release|Any CPU
		{B5F3A985-E6E7-4BE7-8916-EBDE6D8229EA}.Release|Any CPU.Build.0 = Release|Any CPU
		{C214C09D-989B-4A1A-B376-9F61B554999F}.Debug|Any CPU.ActiveCfg = Debug|Any CPU
		{C214C09D-989B-4A1A-B376-9F61B554999F}.Debug|Any CPU.Build.0 = Debug|Any CPU
		{C214C09D-989B-4A1A-B376-9F61B554999F}.Release|Any CPU.ActiveCfg = Release|Any CPU
		{C214C09D-989B-4A1A-B376-9F61B554999F}.Release|Any CPU.Build.0 = Release|Any CPU
		{2D06F450-4EFC-4BB7-9C06-BAD6061E3F20}.Debug|Any CPU.ActiveCfg = Debug|Any CPU
		{2D06F450-4EFC-4BB7-9C06-BAD6061E3F20}.Debug|Any CPU.Build.0 = Debug|Any CPU
		{2D06F450-4EFC-4BB7-9C06-BAD6061E3F20}.Release|Any CPU.ActiveCfg = Release|Any CPU
		{2D06F450-4EFC-4BB7-9C06-BAD6061E3F20}.Release|Any CPU.Build.0 = Release|Any CPU
		{BA90E809-76EE-46CF-9797-01EE2257C918}.Debug|Any CPU.ActiveCfg = Debug|Any CPU
		{BA90E809-76EE-46CF-9797-01EE2257C918}.Debug|Any CPU.Build.0 = Debug|Any CPU
		{BA90E809-76EE-46CF-9797-01EE2257C918}.Release|Any CPU.ActiveCfg = Release|Any CPU
		{BA90E809-76EE-46CF-9797-01EE2257C918}.Release|Any CPU.Build.0 = Release|Any CPU
	EndGlobalSection
	GlobalSection(SolutionProperties) = preSolution
		HideSolutionNode = FALSE
	EndGlobalSection
	GlobalSection(ExtensibilityGlobals) = postSolution
		SolutionGuid = {7AB3E86B-A80A-401A-93CE-7331A5F5CA0F}
	EndGlobalSection
EndGlobal
